{
  "name": "osc_js_sample",
  "version": "1.0.0",
  "lockfileVersion": 1,
  "requires": true,
  "dependencies": {
    "isomorphic-ws": {
      "version": "4.0.1",
      "resolved": "https://registry.npmjs.org/isomorphic-ws/-/isomorphic-ws-4.0.1.tgz",
      "integrity": "sha512-BhBvN2MBpWTaSHdWRb/bwdZJ1WaehQ2L1KngkCkfLUGF0mAWAT1sQUQacEmQ0jXkFw/czDXPNQSL5u2/Krsz1w=="
    },
    "osc-js": {
      "version": "2.1.2",
      "resolved": "https://registry.npmjs.org/osc-js/-/osc-js-2.1.2.tgz",
      "integrity": "sha512-bu1sT1VMc39SB/OCZITd/qUWisj8/5nLObQphgHY+mX7rkyJhIiYZENkMPbBohKy6PCEU1/aCW7Kuot+Vi666Q==",
      "requires": {
        "isomorphic-ws": "4.0.1",
        "ws": "7.4.2"
      },
      "dependencies": {
        "ws": {
          "version": "7.4.2",
          "resolved": "https://registry.npmjs.org/ws/-/ws-7.4.2.tgz",
          "integrity": "sha512-T4tewALS3+qsrpGI/8dqNMLIVdq/g/85U98HPMa6F0m6xTbvhXU6RCQLqPH3+SlomNV/LdY6RXEbBpMH6EOJnA=="
        }
      }
    },
    "ws": {
      "version": "7.5.0",
      "resolved": "https://registry.npmjs.org/ws/-/ws-7.5.0.tgz",
      "integrity": "sha512-6ezXvzOZupqKj4jUqbQ9tXuJNo+BR2gU8fFRk3XCP3e0G6WT414u5ELe6Y0vtp7kmSJ3F7YWObSNr1ESsgi4vw=="
    }
  }
}
